// !$*UTF8*$!
{
	archiveVersion = 1;
	classes = {
	};
	objectVersion = 50;
	objects = {

/* Begin PBXBuildFile section */
		09E849092296A27700502624 /* AppDelegate.swift in Sources */ = {isa = PBXBuildFile; fileRef = 09E849082296A27700502624 /* AppDelegate.swift */; };
		09E8490B2296A27700502624 /* ViewController.swift in Sources */ = {isa = PBXBuildFile; fileRef = 09E8490A2296A27700502624 /* ViewController.swift */; };
		09E8490E2296A27700502624 /* Main.storyboard in Resources */ = {isa = PBXBuildFile; fileRef = 09E8490C2296A27700502624 /* Main.storyboard */; };
		09E849102296A27800502624 /* Assets.xcassets in Resources */ = {isa = PBXBuildFile; fileRef = 09E8490F2296A27800502624 /* Assets.xcassets */; };
		09E849132296A27800502624 /* LaunchScreen.storyboard in Resources */ = {isa = PBXBuildFile; fileRef = 09E849112296A27800502624 /* LaunchScreen.storyboard */; };
		09E8491B229903F100502624 /* getDemoButton.swift in Sources */ = {isa = PBXBuildFile; fileRef = 09E8491A229903F100502624 /* getDemoButton.swift */; };
		09E8491D22990D5A00502624 /* TextPlaceholderStyle.swift in Sources */ = {isa = PBXBuildFile; fileRef = 09E8491C22990D5A00502624 /* TextPlaceholderStyle.swift */; };
		09E8491F229A6D7000502624 /* RegisterViewController.swift in Sources */ = {isa = PBXBuildFile; fileRef = 09E8491E229A6D7000502624 /* RegisterViewController.swift */; };
/* End PBXBuildFile section */

/* Begin PBXFileReference section */
		09E849052296A27700502624 /* TestingScrollView.app */ = {isa = PBXFileReference; explicitFileType = wrapper.application; includeInIndex = 0; path = TestingScrollView.app; sourceTree = BUILT_PRODUCTS_DIR; };
		09E849082296A27700502624 /* AppDelegate.swift */ = {isa = PBXFileReference; lastKnownFileType = sourcecode.swift; path = AppDelegate.swift; sourceTree = "<group>"; };
		09E8490A2296A27700502624 /* ViewController.swift */ = {isa = PBXFileReference; lastKnownFileType = sourcecode.swift; path = ViewController.swift; sourceTree = "<group>"; };
		09E8490D2296A27700502624 /* Base */ = {isa = PBXFileReference; lastKnownFileType = file.storyboard; name = Base; path = Base.lproj/Main.storyboard; sourceTree = "<group>"; };
		09E8490F2296A27800502624 /* Assets.xcassets */ = {isa = PBXFileReference; lastKnownFileType = folder.assetcatalog; path = Assets.xcassets; sourceTree = "<group>"; };
		09E849122296A27800502624 /* Base */ = {isa = PBXFileReference; lastKnownFileType = file.storyboard; name = Base; path = Base.lproj/LaunchScreen.storyboard; sourceTree = "<group>"; };
		09E849142296A27800502624 /* Info.plist */ = {isa = PBXFileReference; lastKnownFileType = text.plist.xml; path = Info.plist; sourceTree = "<group>"; };
		09E8491A229903F100502624 /* getDemoButton.swift */ = {isa = PBXFileReference; lastKnownFileType = sourcecode.swift; path = getDemoButton.swift; sourceTree = "<group>"; };
		09E8491C22990D5A00502624 /* TextPlaceholderStyle.swift */ = {isa = PBXFileReference; lastKnownFileType = sourcecode.swift; path = TextPlaceholderStyle.swift; sourceTree = "<group>"; };
		09E8491E229A6D7000502624 /* RegisterViewController.swift */ = {isa = PBXFileReference; lastKnownFileType = sourcecode.swift; path = RegisterViewController.swift; sourceTree = "<group>"; };
/* End PBXFileReference section */

/* Begin PBXFrameworksBuildPhase section */
		09E849022296A27700502624 /* Frameworks */ = {
			isa = PBXFrameworksBuildPhase;
			buildActionMask = 2147483647;
			files = (
			);
			runOnlyForDeploymentPostprocessing = 0;
		};
/* End PBXFrameworksBuildPhase section */

/* Begin PBXGroup section */
		09E848FC2296A27700502624 = {
			isa = PBXGroup;
			children = (
				09E849072296A27700502624 /* TestingScrollView */,
				09E849062296A27700502624 /* Products */,
			);
			sourceTree = "<group>";
		};
		09E849062296A27700502624 /* Products */ = {
			isa = PBXGroup;
			children = (
				09E849052296A27700502624 /* TestingScrollView.app */,
			);
			name = Products;
			sourceTree = "<group>";
		};
		09E849072296A27700502624 /* TestingScrollView */ = {
			isa = PBXGroup;
			children = (
				09E849082296A27700502624 /* AppDelegate.swift */,
				09E8490A2296A27700502624 /* ViewController.swift */,
				09E8490C2296A27700502624 /* Main.storyboard */,
				09E8490F2296A27800502624 /* Assets.xcassets */,
				09E849112296A27800502624 /* LaunchScreen.storyboard */,
				09E849142296A27800502624 /* Info.plist */,
				09E8491A229903F100502624 /* getDemoButton.swift */,
				09E8491C22990D5A00502624 /* TextPlaceholderStyle.swift */,
				09E8491E229A6D7000502624 /* RegisterViewController.swift */,
			);
			path = TestingScrollView;
			sourceTree = "<group>";
		};
/* End PBXGroup section */

/* Begin PBXNativeTarget section */
		09E849042296A27700502624 /* TestingScrollView */ = {
			isa = PBXNativeTarget;
			buildConfigurationList = 09E849172296A27800502624 /* Build configuration list for PBXNativeTarget "TestingScrollView" */;
			buildPhases = (
				09E849012296A27700502624 /* Sources */,
				09E849022296A27700502624 /* Frameworks */,
				09E849032296A27700502624 /* Resources */,
			);
			buildRules = (
			);
			dependencies = (
			);
			name = TestingScrollView;
			productName = TestingScrollView;
			productReference = 09E849052296A27700502624 /* TestingScrollView.app */;
			productType = "com.apple.product-type.application";
		};
/* End PBXNativeTarget section */

/* Begin PBXProject section */
		09E848FD2296A27700502624 /* Project object */ = {
			isa = PBXProject;
			attributes = {
				LastSwiftUpdateCheck = 1020;
				LastUpgradeCheck = 1020;
				ORGANIZATIONNAME = "Arlo Erdaka";
				TargetAttributes = {
					09E849042296A27700502624 = {
						CreatedOnToolsVersion = 10.2.1;
					};
				};
			};
			buildConfigurationList = 09E849002296A27700502624 /* Build configuration list for PBXProject "TestingScrollView" */;
			compatibilityVersion = "Xcode 9.3";
			developmentRegion = en;
			hasScannedForEncodings = 0;
			knownRegions = (
				en,
				Base,
			);
			mainGroup = 09E848FC2296A27700502624;
			productRefGroup = 09E849062296A27700502624 /* Products */;
			projectDirPath = "";
			projectRoot = "";
			targets = (
				09E849042296A27700502624 /* TestingScrollView */,
			);
		};
/* End PBXProject section */

/* Begin PBXResourcesBuildPhase section */
		09E849032296A27700502624 /* Resources */ = {
			isa = PBXResourcesBuildPhase;
			buildActionMask = 2147483647;
			files = (
				09E849132296A27800502624 /* LaunchScreen.storyboard in Resources */,
				09E849102296A27800502624 /* Assets.xcassets in Resources */,
				09E8490E2296A27700502624 /* Main.storyboard in Resources */,
			);
			runOnlyForDeploymentPostprocessing = 0;
		};
/* End PBXResourcesBuildPhase section */

/* Begin PBXSourcesBuildPhase section */
		09E849012296A27700502624 /* Sources */ = {
			isa = PBXSourcesBuildPhase;
			buildActionMask = 2147483647;
			files = (
				09E8490B2296A27700502624 /* ViewController.swift in Sources */,
				09E8491F229A6D7000502624 /* RegisterViewController.swift in Sources */,
				09E849092296A27700502624 /* AppDelegate.swift in Sources */,
				09E8491D22990D5A00502624 /* TextPlaceholderStyle.swift in Sources */,
				09E8491B229903F100502624 /* getDemoButton.swift in Sources */,
			);
			runOnlyForDeploymentPostprocessing = 0;
		};
/* End PBXSourcesBuildPhase section */

/* Begin PBXVariantGroup section */
		09E8490C2296A27700502624 /* Main.storyboard */ = {
			isa = PBXVariantGroup;
			children = (
				09E8490D2296A27700502624 /* Base */,
			);
			name = Main.storyboard;
			sourceTree = "<group>";
		};
		09E849112296A27800502624 /* LaunchScreen.storyboard */ = {
			isa = PBXVariantGroup;
			children = (
				09E849122296A27800502624 /* Base */,
			);
			name = LaunchScreen.storyboard;
			sourceTree = "<group>";
		};
/* End PBXVariantGroup section */

/* Begin XCBuildConfiguration section */
		09E849152296A27800502624 /* Debug */ = {
			isa = XCBuildConfiguration;
			buildSettings = {
				ALWAYS_SEARCH_USER_PATHS = NO;
				CLANG_ANALYZER_NONNULL = YES;
				CLANG_ANALYZER_NUMBER_OBJECT_CONVERSION = YES_AGGRESSIVE;
				CLANG_CXX_LANGUAGE_STANDARD = "gnu++14";
				CLANG_CXX_LIBRARY = "libc++";
				CLANG_ENABLE_MODULES = YES;
				CLANG_ENABLE_OBJC_ARC = YES;
				CLANG_ENABLE_OBJC_WEAK = YES;
				CLANG_WARN_BLOCK_CAPTURE_AUTORELEASING = YES;
				CLANG_WARN_BOOL_CONVERSION = YES;
				CLANG_WARN_COMMA = YES;
				CLANG_WARN_CONSTANT_CONVERSION = YES;
				CLANG_WARN_DEPRECATED_OBJC_IMPLEMENTATIONS = YES;
				CLANG_WARN_DIRECT_OBJC_ISA_USAGE = YES_ERROR;
				CLANG_WARN_DOCUMENTATION_COMMENTS = YES;
				CLANG_WARN_EMPTY_BODY = YES;
				CLANG_WARN_ENUM_CONVERSION = YES;
				CLANG_WARN_INFINITE_RECURSION = YES;
				CLANG_WARN_INT_CONVERSION = YES;
				CLANG_WARN_NON_LITERAL_NULL_CONVERSION = YES;
				CLANG_WARN_OBJC_IMPLICIT_RETAIN_SELF = YES;
				CLANG_WARN_OBJC_LITERAL_CONVERSION = YES;
				CLANG_WARN_OBJC_ROOT_CLASS = YES_ERROR;
				CLANG_WARN_RANGE_LOOP_ANALYSIS = YES;
				CLANG_WARN_STRICT_PROTOTYPES = YES;
				CLANG_WARN_SUSPICIOUS_MOVE = YES;
				CLANG_WARN_UNGUARDED_AVAILABILITY = YES_AGGRESSIVE;
				CLANG_WARN_UNREACHABLE_CODE = YES;
				CLANG_WARN__DUPLICATE_METHOD_MATCH = YES;
				CODE_SIGN_IDENTITY = "iPhone Developer";
				COPY_PHASE_STRIP = NO;
				DEBUG_INFORMATION_FORMAT = dwarf;
				ENABLE_STRICT_OBJC_MSGSEND = YES;
				ENABLE_TESTABILITY = YES;
				GCC_C_LANGUAGE_STANDARD = gnu11;
				GCC_DYNAMIC_NO_PIC = NO;
				GCC_NO_COMMON_BLOCKS = YES;
				GCC_OPTIMIZATION_LEVEL = 0;
				GCC_PREPROCESSOR_DEFINITIONS = (
					"DEBUG=1",
					"$(inherited)",
				);
				GCC_WARN_64_TO_32_BIT_CONVERSION = YES;
				GCC_WARN_ABOUT_RETURN_TYPE = YES_ERROR;
				GCC_WARN_UNDECLARED_SELECTOR = YES;
				GCC_WARN_UNINITIALIZED_AUTOS = YES_AGGRESSIVE;
				GCC_WARN_UNUSED_FUNCTION = YES;
				GCC_WARN_UNUSED_VARIABLE = YES;
				IPHONEOS_DEPLOYMENT_TARGET = 12.2;
				MTL_ENABLE_DEBUG_INFO = INCLUDE_SOURCE;
				MTL_FAST_MATH = YES;
				ONLY_ACTIVE_ARCH = YES;
				SDKROOT = iphoneos;
				SWIFT_ACTIVE_COMPILATION_CONDITIONS = DEBUG;
				SWIFT_OPTIMIZATION_LEVEL = "-Onone";
			};
			name = Debug;
		};
		09E849162296A27800502624 /* Release */ = {
			isa = XCBuildConfiguration;
			buildSettings = {
				ALWAYS_SEARCH_USER_PATHS = NO;
				CLANG_ANALYZER_NONNULL = YES;
				CLANG_ANALYZER_NUMBER_OBJECT_CONVERSION = YES_AGGRESSIVE;
				CLANG_CXX_LANGUAGE_STANDARD = "gnu++14";
				CLANG_CXX_LIBRARY = "libc++";
				CLANG_ENABLE_MODULES = YES;
				CLANG_ENABLE_OBJC_ARC = YES;
				CLANG_ENABLE_OBJC_WEAK = YES;
				CLANG_WARN_BLOCK_CAPTURE_AUTORELEASING = YES;
				CLANG_WARN_BOOL_CONVERSION = YES;
				CLANG_WARN_COMMA = YES;
				CLANG_WARN_CONSTANT_CONVERSION = YES;
				CLANG_WARN_DEPRECATED_OBJC_IMPLEMENTATIONS = YES;
				CLANG_WARN_DIRECT_OBJC_ISA_USAGE = YES_ERROR;
				CLANG_WARN_DOCUMENTATION_COMMENTS = YES;
				CLANG_WARN_EMPTY_BODY = YES;
				CLANG_WARN_ENUM_CONVERSION = YES;
				CLANG_WARN_INFINITE_RECURSION = YES;
				CLANG_WARN_INT_CONVERSION = YES;
				CLANG_WARN_NON_LITERAL_NULL_CONVERSION = YES;
				CLANG_WARN_OBJC_IMPLICIT_RETAIN_SELF = YES;
				CLANG_WARN_OBJC_LITERAL_CONVERSION = YES;
				CLANG_WARN_OBJC_ROOT_CLASS = YES_ERROR;
				CLANG_WARN_RANGE_LOOP_ANALYSIS = YES;
				CLANG_WARN_STRICT_PROTOTYPES = YES;
				CLANG_WARN_SUSPICIOUS_MOVE = YES;
				CLANG_WARN_UNGUARDED_AVAILABILITY = YES_AGGRESSIVE;
				CLANG_WARN_UNREACHABLE_CODE = YES;
				CLANG_WARN__DUPLICATE_METHOD_MATCH = YES;
				CODE_SIGN_IDENTITY = "iPhone Developer";
				COPY_PHASE_STRIP = NO;
				DEBUG_INFORMATION_FORMAT = "dwarf-with-dsym";
				ENABLE_NS_ASSERTIONS = NO;
				ENABLE_STRICT_OBJC_MSGSEND = YES;
				GCC_C_LANGUAGE_STANDARD = gnu11;
				GCC_NO_COMMON_BLOCKS = YES;
				GCC_WARN_64_TO_32_BIT_CONVERSION = YES;
				GCC_WARN_ABOUT_RETURN_TYPE = YES_ERROR;
				GCC_WARN_UNDECLARED_SELECTOR = YES;
				GCC_WARN_UNINITIALIZED_AUTOS = YES_AGGRESSIVE;
				GCC_WARN_UNUSED_FUNCTION = YES;
				GCC_WARN_UNUSED_VARIABLE = YES;
				IPHONEOS_DEPLOYMENT_TARGET = 12.2;
				MTL_ENABLE_DEBUG_INFO = NO;
				MTL_FAST_MATH = YES;
				SDKROOT = iphoneos;
				SWIFT_COMPILATION_MODE = wholemodule;
				SWIFT_OPTIMIZATION_LEVEL = "-O";
				VALIDATE_PRODUCT = YES;
			};
			name = Release;
		};
		09E849182296A27800502624 /* Debug */ = {
			isa = XCBuildConfiguration;
			buildSettings = {
				ASSETCATALOG_COMPILER_APPICON_NAME = AppIcon;
				CODE_SIGN_STYLE = Automatic;
				DEVELOPMENT_TEAM = YTP3VV2S3P;
				INFOPLIST_FILE = TestingScrollView/Info.plist;
				LD_RUNPATH_SEARCH_PATHS = (
					"$(inherited)",
					"@executable_path/Frameworks",
				);
				PRODUCT_BUNDLE_IDENTIFIER = com.arlo.TestingScrollView;
				PRODUCT_NAME = "$(TARGET_NAME)";
				SWIFT_VERSION = 5.0;
				TARGETED_DEVICE_FAMILY = "1,2";
			};
			name = Debug;
		};
		09E849192296A27800502624 /* Release */ = {
			isa = XCBuildConfiguration;
			buildSettings = {
				ASSETCATALOG_COMPILER_APPICON_NAME = AppIcon;
				CODE_SIGN_STYLE = Automatic;
				DEVELOPMENT_TEAM = YTP3VV2S3P;
				INFOPLIST_FILE = TestingScrollView/Info.plist;
				LD_RUNPATH_SEARCH_PATHS = (
					"$(inherited)",
					"@executable_path/Frameworks",
				);
				PRODUCT_BUNDLE_IDENTIFIER = com.arlo.TestingScrollView;
				PRODUCT_NAME = "$(TARGET_NAME)";
				SWIFT_VERSION = 5.0;
				TARGETED_DEVICE_FAMILY = "1,2";
			};
			name = Release;
		};
/* End XCBuildConfiguration section */

/* Begin XCConfigurationList section */
		09E849002296A27700502624 /* Build configuration list for PBXProject "TestingScrollView" */ = {
			isa = XCConfigurationList;
			buildConfigurations = (
				09E849152296A27800502624 /* Debug */,
				09E849162296A27800502624 /* Release */,
			);
			defaultConfigurationIsVisible = 0;
			defaultConfigurationName = Release;
		};
		09E849172296A27800502624 /* Build configuration list for PBXNativeTarget "TestingScrollView" */ = {
			isa = XCConfigurationList;
			buildConfigurations = (
				09E849182296A27800502624 /* Debug */,
				09E849192296A27800502624 /* Release */,
			);
			defaultConfigurationIsVisible = 0;
			defaultConfigurationName = Release;
		};
/* End XCConfigurationList section */
	};
	rootObject = 09E848FD2296A27700502624 /* Project object */;
}
